// !$*UTF8*$!
{
	archiveVersion = 1;
	classes = {
	};
	objectVersion = 56;
	objects = {

/* Begin PBXFileReference section */
		1B05CF5B28FE834400079C6E /* CH02.playground */ = {isa = PBXFileReference; lastKnownFileType = file.playground; path = CH02.playground; sourceTree = "<group>"; xcLanguageSpecificationIdentifier = xcode.lang.swift; };
		1BBF289128FE7F96004ED483 /* CH01.playground */ = {isa = PBXFileReference; lastKnownFileType = file.playground; path = CH01.playground; sourceTree = "<group>"; xcLanguageSpecificationIdentifier = xcode.lang.swift; };
/* End PBXFileReference section */

/* Begin PBXGroup section */
		1BBF288A28FE7F3D004ED483 = {
			isa = PBXGroup;
			children = (
				1B05CF5B28FE834400079C6E /* CH02.playground */,
				1BBF289128FE7F96004ED483 /* CH01.playground */,
			);
			sourceTree = "<group>";
		};
/* End PBXGroup section */

/* Begin PBXProject section */
		1BBF288B28FE7F3D004ED483 /* Project object */ = {
			isa = PBXProject;
			attributes = {
				BuildIndependentTargetsInParallel = 1;
				LastUpgradeCheck = 1400;
			};
			buildConfigurationList = 1BBF288E28FE7F3D004ED483 /* Build configuration list for PBXProject "Basic" */;
			compatibilityVersion = "Xcode 14.0";
			developmentRegion = en;
			hasScannedForEncodings = 0;
			knownRegions = (
				en,
				Base,
			);
			mainGroup = 1BBF288A28FE7F3D004ED483;
			projectDirPath = "";
			projectRoot = "";
			targets = (
			);
		};
/* End PBXProject section */

/* Begin XCBuildConfiguration section */
		1BBF288F28FE7F3D004ED483 /* Debug */ = {
			isa = XCBuildConfiguration;
			buildSettings = {
			};
			name = Debug;
		};
		1BBF289028FE7F3D004ED483 /* Release */ = {
			isa = XCBuildConfiguration;
			buildSettings = {
			};
			name = Release;
		};
/* End XCBuildConfiguration section */

/* Begin XCConfigurationList section */
		1BBF288E28FE7F3D004ED483 /* Build configuration list for PBXProject "Basic" */ = {
			isa = XCConfigurationList;
			buildConfigurations = (
				1BBF288F28FE7F3D004ED483 /* Debug */,
				1BBF289028FE7F3D004ED483 /* Release */,
			);
			defaultConfigurationIsVisible = 0;
			defaultConfigurationName = Release;
		};
/* End XCConfigurationList section */
	};
	rootObject = 1BBF288B28FE7F3D004ED483 /* Project object */;
}
